# This file was autogenerated by uv via the following command:
#    uv pip compile --python agents/silicomol/skills/rdkit/.venv/bin/python agents/silicomol/skills/rdkit/requirements.in --output-file agents/silicomol/skills/rdkit/requirements.lock
numpy==2.5.2
    # via rdkit
pillow==12.3.0
    # via rdkit
rdkit==2026.3.3
    # via -r agents/silicomol/skills/rdkit/requirements.in
